<?xml version="1.0" encoding="utf-8"?>
<Project ToolsVersion="4.0" xmlns="http://schemas.microsoft.com/developer/msbuild/2003">
  <ItemGroup>
    <Filter Include="Source Files">
      <UniqueIdentifier>{4FC737F1-C7A5-4376-A066-2A32D752A2FF}</UniqueIdentifier>
      <Extensions>cpp;c;cc;cxx;def;odl;idl;hpj;bat;asm;asmx</Extensions>
    </Filter>
    <Filter Include="Header Files">
      <UniqueIdentifier>{93995380-89BD-4b04-88EB-625FBE52EBFB}</UniqueIdentifier>
      <Extensions>h;hh;hpp;hxx;hm;inl;inc;ipp;xsd</Extensions>
    </Filter>
    <Filter Include="Resource Files">
      <UniqueIdentifier>{67DA6AB6-F800-4c08-8B7A-83BB121AAD01}</UniqueIdentifier>
      <Extensions>rc;ico;cur;bmp;dlg;rc2;rct;bin;rgs;gif;jpg;jpeg;jpe;resx;tiff;tif;png;wav;mfcribbon-ms</Extensions>
    </Filter>
  </ItemGroup>
  <ItemGroup>
    <ClInclude Include="include\Game.h">
      <Filter>Header Files</Filter>
    </ClInclude>
    <ClInclude Include="include\groups\GalaxianGroup.h">
      <Filter>Header Files</Filter>
    </ClInclude>
    <ClInclude Include="include\groups\Group.h">
      <Filter>Header Files</Filter>
    </ClInclude>
    <ClInclude Include="include\objects\Bullet.h">
      <Filter>Header Files</Filter>
    </ClInclude>
    <ClInclude Include="include\objects\Galaxian.h">
      <Filter>Header Files</Filter>
    </ClInclude>
    <ClInclude Include="include\objects\Object.h">
      <Filter>Header Files</Filter>
    </ClInclude>
    <ClInclude Include="include\objects\Ship.h">
      <Filter>Header Files</Filter>
    </ClInclude>
    <ClInclude Include="include\Animation.h">
      <Filter>Header Files</Filter>
    </ClInclude>
    <ClInclude Include="include\CollisionManager.h">
      <Filter>Header Files</Filter>
    </ClInclude>
    <ClInclude Include="include\EventManager.h">
      <Filter>Header Files</Filter>
    </ClInclude>
    <ClInclude Include="include\ObjectManager.h">
      <Filter>Header Files</Filter>
    </ClInclude>
    <ClInclude Include="include\objects\GalaxianBlue.h">
      <Filter>Header Files</Filter>
    </ClInclude>
    <ClInclude Include="include\objects\GalaxianPurple.h">
      <Filter>Header Files</Filter>
    </ClInclude>
    <ClInclude Include="include\objects\GalaxianRed.h">
      <Filter>Header Files</Filter>
    </ClInclude>
    <ClInclude Include="include\objects\GalaxianYellow.h">
      <Filter>Header Files</Filter>
    </ClInclude>
    <ClInclude Include="include\objects\GalaxianState.h">
      <Filter>Header Files</Filter>
    </ClInclude>
    <ClInclude Include="include\objects\Explosion.h">
      <Filter>Header Files</Filter>
    </ClInclude>
    <ClInclude Include="include\Curve.h">
      <Filter>Header Files</Filter>
    </ClInclude>
    <ClInclude Include="include\Starfield.h">
      <Filter>Header Files</Filter>
    </ClInclude>
    <ClInclude Include="include\objects\Box.h">
      <Filter>Header Files</Filter>
    </ClInclude>
    <ClInclude Include="include\Life.h">
      <Filter>Header Files</Filter>
    </ClInclude>
    <ClInclude Include="include\Text.h">
      <Filter>Header Files</Filter>
    </ClInclude>
    <ClInclude Include="include\ScoreHandler.h">
      <Filter>Header Files</Filter>
    </ClInclude>
  </ItemGroup>
  <ItemGroup>
    <ClCompile Include="source\Game.cpp">
      <Filter>Source Files</Filter>
    </ClCompile>
    <ClCompile Include="source\groups\GalaxianGroup.cpp">
      <Filter>Source Files</Filter>
    </ClCompile>
    <ClCompile Include="source\groups\Group.cpp">
      <Filter>Source Files</Filter>
    </ClCompile>
    <ClCompile Include="source\objects\Bullet.cpp">
      <Filter>Source Files</Filter>
    </ClCompile>
    <ClCompile Include="source\objects\Galaxian.cpp">
      <Filter>Source Files</Filter>
    </ClCompile>
    <ClCompile Include="source\objects\Object.cpp">
      <Filter>Source Files</Filter>
    </ClCompile>
    <ClCompile Include="source\objects\Ship.cpp">
      <Filter>Source Files</Filter>
    </ClCompile>
    <ClCompile Include="source\Animation.cpp">
      <Filter>Source Files</Filter>
    </ClCompile>
    <ClCompile Include="source\CollisionManager.cpp">
      <Filter>Source Files</Filter>
    </ClCompile>
    <ClCompile Include="source\EventManager.cpp">
      <Filter>Source Files</Filter>
    </ClCompile>
    <ClCompile Include="source\ObjectManager.cpp">
      <Filter>Source Files</Filter>
    </ClCompile>
    <ClCompile Include="source\objects\GalaxianYellow.cpp">
      <Filter>Source Files</Filter>
    </ClCompile>
    <ClCompile Include="source\objects\GalaxianPurple.cpp">
      <Filter>Source Files</Filter>
    </ClCompile>
    <ClCompile Include="source\objects\GalaxianRed.cpp">
      <Filter>Source Files</Filter>
    </ClCompile>
    <ClCompile Include="source\objects\GalaxianBlue.cpp">
      <Filter>Source Files</Filter>
    </ClCompile>
    <ClCompile Include="source\objects\GalaxianState.cpp">
      <Filter>Source Files</Filter>
    </ClCompile>
    <ClCompile Include="source\objects\Explosion.cpp">
      <Filter>Source Files</Filter>
    </ClCompile>
    <ClCompile Include="source\Curve.cpp">
      <Filter>Source Files</Filter>
    </ClCompile>
    <ClCompile Include="source\Starfield.cpp">
      <Filter>Source Files</Filter>
    </ClCompile>
    <ClCompile Include="source\objects\Box.cpp">
      <Filter>Source Files</Filter>
    </ClCompile>
    <ClCompile Include="source\Life.cpp">
      <Filter>Source Files</Filter>
    </ClCompile>
    <ClCompile Include="source\Text.cpp">
      <Filter>Source Files</Filter>
    </ClCompile>
    <ClCompile Include="source\ScoreHandler.cpp">
      <Filter>Source Files</Filter>
    </ClCompile>
  </ItemGroup>
</Project>